
Microsoft Visual Studio Solution File, Format Version 12.00
# Visual Studio 14
VisualStudioVersion = 14.0.23107.0
MinimumVisualStudioVersion = 10.0.40219.1
Project("{FAE04EC0-301F-11D3-BF4B-00C04F79EFBC}") = "02.Customer", "02.Customer\02.Customer.csproj", "{340964A9-C986-4BAD-A370-7F71BDECDE12}"
EndProject
Project("{FAE04EC0-301F-11D3-BF4B-00C04F79EFBC}") = "03.StringDisperser", "03.StringDisperser\03.StringDisperser.csproj", "{5AEFF5DB-4305-4673-B2C7-41D8ABB0B1FF}"
EndProject
Global
	GlobalSection(SolutionConfigurationPlatforms) = preSolution
		Debug|Any CPU = Debug|Any CPU
		Release|Any CPU = Release|Any CPU
	EndGlobalSection
	GlobalSection(ProjectConfigurationPlatforms) = postSolution
		{340964A9-C986-4BAD-A370-7F71BDECDE12}.Debug|Any CPU.ActiveCfg = Debug|Any CPU
		{340964A9-C986-4BAD-A370-7F71BDECDE12}.Debug|Any CPU.Build.0 = Debug|Any CPU
		{340964A9-C986-4BAD-A370-7F71BDECDE12}.Release|Any CPU.ActiveCfg = Release|Any CPU
		{340964A9-C986-4BAD-A370-7F71BDECDE12}.Release|Any CPU.Build.0 = Release|Any CPU
		{5AEFF5DB-4305-4673-B2C7-41D8ABB0B1FF}.Debug|Any CPU.ActiveCfg = Debug|Any CPU
		{5AEFF5DB-4305-4673-B2C7-41D8ABB0B1FF}.Debug|Any CPU.Build.0 = Debug|Any CPU
		{5AEFF5DB-4305-4673-B2C7-41D8ABB0B1FF}.Release|Any CPU.ActiveCfg = Release|Any CPU
		{5AEFF5DB-4305-4673-B2C7-41D8ABB0B1FF}.Release|Any CPU.Build.0 = Release|Any CPU
	EndGlobalSection
	GlobalSection(SolutionProperties) = preSolution
		HideSolutionNode = FALSE
	EndGlobalSection
EndGlobal
